// !$*UTF8*$!
{
	archiveVersion = 1;
	classes = {
	};
	objectVersion = 50;
	objects = {

/* Begin PBXBuildFile section */
		440D0278231EC95200C6ECA4 /* AppDelegate.swift in Sources */ = {isa = PBXBuildFile; fileRef = 440D0270231EC95100C6ECA4 /* AppDelegate.swift */; };
		440D027A231EC95200C6ECA4 /* SignInViewController.swift in Sources */ = {isa = PBXBuildFile; fileRef = 440D0272231EC95100C6ECA4 /* SignInViewController.swift */; };
		440D027B231EC95200C6ECA4 /* SettingsViewController.swift in Sources */ = {isa = PBXBuildFile; fileRef = 440D0273231EC95200C6ECA4 /* SettingsViewController.swift */; };
		440D027C231EC95200C6ECA4 /* SettingsTableViewController.swift in Sources */ = {isa = PBXBuildFile; fileRef = 440D0274231EC95200C6ECA4 /* SettingsTableViewController.swift */; };
		440D027E231EC95200C6ECA4 /* DocumentsUploadViewController.swift in Sources */ = {isa = PBXBuildFile; fileRef = 440D0276231EC95200C6ECA4 /* DocumentsUploadViewController.swift */; };
		440D027F231EC95200C6ECA4 /* Main.storyboard in Resources */ = {isa = PBXBuildFile; fileRef = 440D0277231EC95200C6ECA4 /* Main.storyboard */; };
		44DBFD5F231D881D007EC82E /* DocumentsUploadViewController.swift in Sources */ = {isa = PBXBuildFile; fileRef = 44DBFD5E231D881D007EC82E /* DocumentsUploadViewController.swift */; };
		44DBFD6F231E68F1007EC82E /* Assets.xcassets in Resources */ = {isa = PBXBuildFile; fileRef = 44DBFD6E231E68F0007EC82E /* Assets.xcassets */; };
		44DBFD71231E7932007EC82E /* SettingsViewController.swift in Sources */ = {isa = PBXBuildFile; fileRef = 44DBFD70231E7932007EC82E /* SettingsViewController.swift */; };
		44DBFD75231EAFEF007EC82E /* SettingsTableViewController.swift in Sources */ = {isa = PBXBuildFile; fileRef = 44DBFD74231EAFEF007EC82E /* SettingsTableViewController.swift */; };
		DC9B7ED752C26C2CA7B89C53 /* Pods_Startup_Project.framework in Frameworks */ = {isa = PBXBuildFile; fileRef = 97E4657A161953F43E28039A /* Pods_Startup_Project.framework */; };
/* End PBXBuildFile section */

/* Begin PBXFileReference section */
		440D0270231EC95100C6ECA4 /* AppDelegate.swift */ = {isa = PBXFileReference; fileEncoding = 4; lastKnownFileType = sourcecode.swift; path = AppDelegate.swift; sourceTree = "<group>"; };
		440D0271231EC95100C6ECA4 /* Info.plist */ = {isa = PBXFileReference; fileEncoding = 4; lastKnownFileType = text.plist.xml; path = Info.plist; sourceTree = "<group>"; };
		440D0272231EC95100C6ECA4 /* SignInViewController.swift */ = {isa = PBXFileReference; fileEncoding = 4; lastKnownFileType = sourcecode.swift; path = SignInViewController.swift; sourceTree = "<group>"; };
		440D0273231EC95200C6ECA4 /* SettingsViewController.swift */ = {isa = PBXFileReference; fileEncoding = 4; lastKnownFileType = sourcecode.swift; path = SettingsViewController.swift; sourceTree = "<group>"; };
		440D0274231EC95200C6ECA4 /* SettingsTableViewController.swift */ = {isa = PBXFileReference; fileEncoding = 4; lastKnownFileType = sourcecode.swift; path = SettingsTableViewController.swift; sourceTree = "<group>"; };
		440D0276231EC95200C6ECA4 /* DocumentsUploadViewController.swift */ = {isa = PBXFileReference; fileEncoding = 4; lastKnownFileType = sourcecode.swift; path = DocumentsUploadViewController.swift; sourceTree = "<group>"; };
		440D0277231EC95200C6ECA4 /* Main.storyboard */ = {isa = PBXFileReference; fileEncoding = 4; lastKnownFileType = file.storyboard; path = Main.storyboard; sourceTree = "<group>"; };
		448AE20C231ECA3A0020F3DA /* LaunchScreen.storyboard */ = {isa = PBXFileReference; fileEncoding = 4; lastKnownFileType = file.storyboard; name = LaunchScreen.storyboard; path = ../../../../.Trash/LaunchScreen.storyboard; sourceTree = "<group>"; };
		44DBFD59231D881D007EC82E /* Startup Project.app */ = {isa = PBXFileReference; explicitFileType = wrapper.application; includeInIndex = 0; path = "Startup Project.app"; sourceTree = BUILT_PRODUCTS_DIR; };
		44DBFD5E231D881D007EC82E /* DocumentsUploadViewController.swift */ = {isa = PBXFileReference; lastKnownFileType = sourcecode.swift; path = DocumentsUploadViewController.swift; sourceTree = "<group>"; };
		44DBFD66231D8821007EC82E /* Base */ = {isa = PBXFileReference; lastKnownFileType = file.storyboard; name = Base; path = Base.lproj/LaunchScreen.storyboard; sourceTree = "<group>"; };
		44DBFD6E231E68F0007EC82E /* Assets.xcassets */ = {isa = PBXFileReference; lastKnownFileType = folder.assetcatalog; path = Assets.xcassets; sourceTree = "<group>"; };
		44DBFD70231E7932007EC82E /* SettingsViewController.swift */ = {isa = PBXFileReference; lastKnownFileType = sourcecode.swift; path = SettingsViewController.swift; sourceTree = "<group>"; };
		44DBFD74231EAFEF007EC82E /* SettingsTableViewController.swift */ = {isa = PBXFileReference; lastKnownFileType = sourcecode.swift; path = SettingsTableViewController.swift; sourceTree = "<group>"; };
		63AE8E60A6CFEF805C04C5DA /* Pods-Startup Project.release.xcconfig */ = {isa = PBXFileReference; includeInIndex = 1; lastKnownFileType = text.xcconfig; name = "Pods-Startup Project.release.xcconfig"; path = "Target Support Files/Pods-Startup Project/Pods-Startup Project.release.xcconfig"; sourceTree = "<group>"; };
		97E4657A161953F43E28039A /* Pods_Startup_Project.framework */ = {isa = PBXFileReference; explicitFileType = wrapper.framework; includeInIndex = 0; path = Pods_Startup_Project.framework; sourceTree = BUILT_PRODUCTS_DIR; };
		DD4A7D622BBCAFCF5110EA86 /* Pods-Startup Project.debug.xcconfig */ = {isa = PBXFileReference; includeInIndex = 1; lastKnownFileType = text.xcconfig; name = "Pods-Startup Project.debug.xcconfig"; path = "Target Support Files/Pods-Startup Project/Pods-Startup Project.debug.xcconfig"; sourceTree = "<group>"; };
/* End PBXFileReference section */

/* Begin PBXFrameworksBuildPhase section */
		44DBFD56231D881D007EC82E /* Frameworks */ = {
			isa = PBXFrameworksBuildPhase;
			buildActionMask = 2147483647;
			files = (
				DC9B7ED752C26C2CA7B89C53 /* Pods_Startup_Project.framework in Frameworks */,
			);
			runOnlyForDeploymentPostprocessing = 0;
		};
/* End PBXFrameworksBuildPhase section */

/* Begin PBXGroup section */
		44DBFD50231D881D007EC82E = {
			isa = PBXGroup;
			children = (
				44DBFD5B231D881D007EC82E /* Startup Project */,
				44DBFD5A231D881D007EC82E /* Products */,
				C8FD2C1A608645A8437F58F7 /* Pods */,
				63A2B734F964B650BCDD2009 /* Frameworks */,
			);
			sourceTree = "<group>";
		};
		44DBFD5A231D881D007EC82E /* Products */ = {
			isa = PBXGroup;
			children = (
				44DBFD59231D881D007EC82E /* Startup Project.app */,
			);
			name = Products;
			sourceTree = "<group>";
		};
		44DBFD5B231D881D007EC82E /* Startup Project */ = {
			isa = PBXGroup;
			children = (
				440D0270231EC95100C6ECA4 /* AppDelegate.swift */,
				440D0276231EC95200C6ECA4 /* DocumentsUploadViewController.swift */,
				440D0277231EC95200C6ECA4 /* Main.storyboard */,
				440D0274231EC95200C6ECA4 /* SettingsTableViewController.swift */,
				440D0273231EC95200C6ECA4 /* SettingsViewController.swift */,
				440D0271231EC95100C6ECA4 /* Info.plist */,
				448AE20C231ECA3A0020F3DA /* LaunchScreen.storyboard */,
				440D0272231EC95100C6ECA4 /* SignInViewController.swift */,
				44DBFD5E231D881D007EC82E /* DocumentsUploadViewController.swift */,
				44DBFD74231EAFEF007EC82E /* SettingsTableViewController.swift */,
				44DBFD6E231E68F0007EC82E /* Assets.xcassets */,
				44DBFD65231D8821007EC82E /* LaunchScreen.storyboard */,
				44DBFD70231E7932007EC82E /* SettingsViewController.swift */,
			);
			path = "Startup Project";
			sourceTree = "<group>";
		};
		63A2B734F964B650BCDD2009 /* Frameworks */ = {
			isa = PBXGroup;
			children = (
				97E4657A161953F43E28039A /* Pods_Startup_Project.framework */,
			);
			name = Frameworks;
			sourceTree = "<group>";
		};
		C8FD2C1A608645A8437F58F7 /* Pods */ = {
			isa = PBXGroup;
			children = (
				DD4A7D622BBCAFCF5110EA86 /* Pods-Startup Project.debug.xcconfig */,
				63AE8E60A6CFEF805C04C5DA /* Pods-Startup Project.release.xcconfig */,
			);
			path = Pods;
			sourceTree = "<group>";
		};
/* End PBXGroup section */

/* Begin PBXNativeTarget section */
		44DBFD58231D881D007EC82E /* Startup Project */ = {
			isa = PBXNativeTarget;
			buildConfigurationList = 44DBFD6B231D8821007EC82E /* Build configuration list for PBXNativeTarget "Startup Project" */;
			buildPhases = (
				936316C7CBD198052498A4E1 /* [CP] Check Pods Manifest.lock */,
				44DBFD55231D881D007EC82E /* Sources */,
				44DBFD56231D881D007EC82E /* Frameworks */,
				44DBFD57231D881D007EC82E /* Resources */,
				64BE7C879443B1C10DB79F64 /* [CP] Embed Pods Frameworks */,
			);
			buildRules = (
			);
			dependencies = (
			);
			name = "Startup Project";
			productName = "Startup Project";
			productReference = 44DBFD59231D881D007EC82E /* Startup Project.app */;
			productType = "com.apple.product-type.application";
		};
/* End PBXNativeTarget section */

/* Begin PBXProject section */
		44DBFD51231D881D007EC82E /* Project object */ = {
			isa = PBXProject;
			attributes = {
				LastSwiftUpdateCheck = 1030;
				LastUpgradeCheck = 1030;
				ORGANIZATIONNAME = "Swapnanil Dhol";
				TargetAttributes = {
					44DBFD58231D881D007EC82E = {
						CreatedOnToolsVersion = 10.3;
					};
				};
			};
			buildConfigurationList = 44DBFD54231D881D007EC82E /* Build configuration list for PBXProject "Startup Project" */;
			compatibilityVersion = "Xcode 9.3";
			developmentRegion = en;
			hasScannedForEncodings = 0;
			knownRegions = (
				en,
				Base,
			);
			mainGroup = 44DBFD50231D881D007EC82E;
			productRefGroup = 44DBFD5A231D881D007EC82E /* Products */;
			projectDirPath = "";
			projectRoot = "";
			targets = (
				44DBFD58231D881D007EC82E /* Startup Project */,
			);
		};
/* End PBXProject section */

/* Begin PBXResourcesBuildPhase section */
		44DBFD57231D881D007EC82E /* Resources */ = {
			isa = PBXResourcesBuildPhase;
			buildActionMask = 2147483647;
			files = (
				440D027F231EC95200C6ECA4 /* Main.storyboard in Resources */,
				44DBFD6F231E68F1007EC82E /* Assets.xcassets in Resources */,
			);
			runOnlyForDeploymentPostprocessing = 0;
		};
/* End PBXResourcesBuildPhase section */

/* Begin PBXShellScriptBuildPhase section */
		64BE7C879443B1C10DB79F64 /* [CP] Embed Pods Frameworks */ = {
			isa = PBXShellScriptBuildPhase;
			buildActionMask = 2147483647;
			files = (
			);
			inputFileListPaths = (
				"${PODS_ROOT}/Target Support Files/Pods-Startup Project/Pods-Startup Project-frameworks-${CONFIGURATION}-input-files.xcfilelist",
			);
			name = "[CP] Embed Pods Frameworks";
			outputFileListPaths = (
				"${PODS_ROOT}/Target Support Files/Pods-Startup Project/Pods-Startup Project-frameworks-${CONFIGURATION}-output-files.xcfilelist",
			);
			runOnlyForDeploymentPostprocessing = 0;
			shellPath = /bin/sh;
			shellScript = "\"${PODS_ROOT}/Target Support Files/Pods-Startup Project/Pods-Startup Project-frameworks.sh\"\n";
			showEnvVarsInLog = 0;
		};
		936316C7CBD198052498A4E1 /* [CP] Check Pods Manifest.lock */ = {
			isa = PBXShellScriptBuildPhase;
			buildActionMask = 2147483647;
			files = (
			);
			inputFileListPaths = (
			);
			inputPaths = (
				"${PODS_PODFILE_DIR_PATH}/Podfile.lock",
				"${PODS_ROOT}/Manifest.lock",
			);
			name = "[CP] Check Pods Manifest.lock";
			outputFileListPaths = (
			);
			outputPaths = (
				"$(DERIVED_FILE_DIR)/Pods-Startup Project-checkManifestLockResult.txt",
			);
			runOnlyForDeploymentPostprocessing = 0;
			shellPath = /bin/sh;
			shellScript = "diff \"${PODS_PODFILE_DIR_PATH}/Podfile.lock\" \"${PODS_ROOT}/Manifest.lock\" > /dev/null\nif [ $? != 0 ] ; then\n    # print error to STDERR\n    echo \"error: The sandbox is not in sync with the Podfile.lock. Run 'pod install' or update your CocoaPods installation.\" >&2\n    exit 1\nfi\n# This output is used by Xcode 'outputs' to avoid re-running this script phase.\necho \"SUCCESS\" > \"${SCRIPT_OUTPUT_FILE_0}\"\n";
			showEnvVarsInLog = 0;
		};
/* End PBXShellScriptBuildPhase section */

/* Begin PBXSourcesBuildPhase section */
		44DBFD55231D881D007EC82E /* Sources */ = {
			isa = PBXSourcesBuildPhase;
			buildActionMask = 2147483647;
			files = (
				440D027A231EC95200C6ECA4 /* SignInViewController.swift in Sources */,
				440D0278231EC95200C6ECA4 /* AppDelegate.swift in Sources */,
				440D027E231EC95200C6ECA4 /* DocumentsUploadViewController.swift in Sources */,
				44DBFD75231EAFEF007EC82E /* SettingsTableViewController.swift in Sources */,
				44DBFD5F231D881D007EC82E /* DocumentsUploadViewController.swift in Sources */,
				44DBFD71231E7932007EC82E /* SettingsViewController.swift in Sources */,
				440D027B231EC95200C6ECA4 /* SettingsViewController.swift in Sources */,
				440D027C231EC95200C6ECA4 /* SettingsTableViewController.swift in Sources */,
			);
			runOnlyForDeploymentPostprocessing = 0;
		};
/* End PBXSourcesBuildPhase section */

/* Begin PBXVariantGroup section */
		44DBFD65231D8821007EC82E /* LaunchScreen.storyboard */ = {
			isa = PBXVariantGroup;
			children = (
				44DBFD66231D8821007EC82E /* Base */,
			);
			name = LaunchScreen.storyboard;
			sourceTree = "<group>";
		};
/* End PBXVariantGroup section */

/* Begin XCBuildConfiguration section */
		44DBFD69231D8821007EC82E /* Debug */ = {
			isa = XCBuildConfiguration;
			buildSettings = {
				ALWAYS_SEARCH_USER_PATHS = NO;
				CLANG_ANALYZER_NONNULL = YES;
				CLANG_ANALYZER_NUMBER_OBJECT_CONVERSION = YES_AGGRESSIVE;
				CLANG_CXX_LANGUAGE_STANDARD = "gnu++14";
				CLANG_CXX_LIBRARY = "libc++";
				CLANG_ENABLE_MODULES = YES;
				CLANG_ENABLE_OBJC_ARC = YES;
				CLANG_ENABLE_OBJC_WEAK = YES;
				CLANG_WARN_BLOCK_CAPTURE_AUTORELEASING = YES;
				CLANG_WARN_BOOL_CONVERSION = YES;
				CLANG_WARN_COMMA = YES;
				CLANG_WARN_CONSTANT_CONVERSION = YES;
				CLANG_WARN_DEPRECATED_OBJC_IMPLEMENTATIONS = YES;
				CLANG_WARN_DIRECT_OBJC_ISA_USAGE = YES_ERROR;
				CLANG_WARN_DOCUMENTATION_COMMENTS = YES;
				CLANG_WARN_EMPTY_BODY = YES;
				CLANG_WARN_ENUM_CONVERSION = YES;
				CLANG_WARN_INFINITE_RECURSION = YES;
				CLANG_WARN_INT_CONVERSION = YES;
				CLANG_WARN_NON_LITERAL_NULL_CONVERSION = YES;
				CLANG_WARN_OBJC_IMPLICIT_RETAIN_SELF = YES;
				CLANG_WARN_OBJC_LITERAL_CONVERSION = YES;
				CLANG_WARN_OBJC_ROOT_CLASS = YES_ERROR;
				CLANG_WARN_RANGE_LOOP_ANALYSIS = YES;
				CLANG_WARN_STRICT_PROTOTYPES = YES;
				CLANG_WARN_SUSPICIOUS_MOVE = YES;
				CLANG_WARN_UNGUARDED_AVAILABILITY = YES_AGGRESSIVE;
				CLANG_WARN_UNREACHABLE_CODE = YES;
				CLANG_WARN__DUPLICATE_METHOD_MATCH = YES;
				CODE_SIGN_IDENTITY = "iPhone Developer";
				COPY_PHASE_STRIP = NO;
				DEBUG_INFORMATION_FORMAT = dwarf;
				ENABLE_STRICT_OBJC_MSGSEND = YES;
				ENABLE_TESTABILITY = YES;
				GCC_C_LANGUAGE_STANDARD = gnu11;
				GCC_DYNAMIC_NO_PIC = NO;
				GCC_NO_COMMON_BLOCKS = YES;
				GCC_OPTIMIZATION_LEVEL = 0;
				GCC_PREPROCESSOR_DEFINITIONS = (
					"DEBUG=1",
					"$(inherited)",
				);
				GCC_WARN_64_TO_32_BIT_CONVERSION = YES;
				GCC_WARN_ABOUT_RETURN_TYPE = YES_ERROR;
				GCC_WARN_UNDECLARED_SELECTOR = YES;
				GCC_WARN_UNINITIALIZED_AUTOS = YES_AGGRESSIVE;
				GCC_WARN_UNUSED_FUNCTION = YES;
				GCC_WARN_UNUSED_VARIABLE = YES;
				IPHONEOS_DEPLOYMENT_TARGET = 12.4;
				MTL_ENABLE_DEBUG_INFO = INCLUDE_SOURCE;
				MTL_FAST_MATH = YES;
				ONLY_ACTIVE_ARCH = YES;
				SDKROOT = iphoneos;
				SWIFT_ACTIVE_COMPILATION_CONDITIONS = DEBUG;
				SWIFT_OPTIMIZATION_LEVEL = "-Onone";
			};
			name = Debug;
		};
		44DBFD6A231D8821007EC82E /* Release */ = {
			isa = XCBuildConfiguration;
			buildSettings = {
				ALWAYS_SEARCH_USER_PATHS = NO;
				CLANG_ANALYZER_NONNULL = YES;
				CLANG_ANALYZER_NUMBER_OBJECT_CONVERSION = YES_AGGRESSIVE;
				CLANG_CXX_LANGUAGE_STANDARD = "gnu++14";
				CLANG_CXX_LIBRARY = "libc++";
				CLANG_ENABLE_MODULES = YES;
				CLANG_ENABLE_OBJC_ARC = YES;
				CLANG_ENABLE_OBJC_WEAK = YES;
				CLANG_WARN_BLOCK_CAPTURE_AUTORELEASING = YES;
				CLANG_WARN_BOOL_CONVERSION = YES;
				CLANG_WARN_COMMA = YES;
				CLANG_WARN_CONSTANT_CONVERSION = YES;
				CLANG_WARN_DEPRECATED_OBJC_IMPLEMENTATIONS = YES;
				CLANG_WARN_DIRECT_OBJC_ISA_USAGE = YES_ERROR;
				CLANG_WARN_DOCUMENTATION_COMMENTS = YES;
				CLANG_WARN_EMPTY_BODY = YES;
				CLANG_WARN_ENUM_CONVERSION = YES;
				CLANG_WARN_INFINITE_RECURSION = YES;
				CLANG_WARN_INT_CONVERSION = YES;
				CLANG_WARN_NON_LITERAL_NULL_CONVERSION = YES;
				CLANG_WARN_OBJC_IMPLICIT_RETAIN_SELF = YES;
				CLANG_WARN_OBJC_LITERAL_CONVERSION = YES;
				CLANG_WARN_OBJC_ROOT_CLASS = YES_ERROR;
				CLANG_WARN_RANGE_LOOP_ANALYSIS = YES;
				CLANG_WARN_STRICT_PROTOTYPES = YES;
				CLANG_WARN_SUSPICIOUS_MOVE = YES;
				CLANG_WARN_UNGUARDED_AVAILABILITY = YES_AGGRESSIVE;
				CLANG_WARN_UNREACHABLE_CODE = YES;
				CLANG_WARN__DUPLICATE_METHOD_MATCH = YES;
				CODE_SIGN_IDENTITY = "iPhone Developer";
				COPY_PHASE_STRIP = NO;
				DEBUG_INFORMATION_FORMAT = "dwarf-with-dsym";
				ENABLE_NS_ASSERTIONS = NO;
				ENABLE_STRICT_OBJC_MSGSEND = YES;
				GCC_C_LANGUAGE_STANDARD = gnu11;
				GCC_NO_COMMON_BLOCKS = YES;
				GCC_WARN_64_TO_32_BIT_CONVERSION = YES;
				GCC_WARN_ABOUT_RETURN_TYPE = YES_ERROR;
				GCC_WARN_UNDECLARED_SELECTOR = YES;
				GCC_WARN_UNINITIALIZED_AUTOS = YES_AGGRESSIVE;
				GCC_WARN_UNUSED_FUNCTION = YES;
				GCC_WARN_UNUSED_VARIABLE = YES;
				IPHONEOS_DEPLOYMENT_TARGET = 12.4;
				MTL_ENABLE_DEBUG_INFO = NO;
				MTL_FAST_MATH = YES;
				SDKROOT = iphoneos;
				SWIFT_COMPILATION_MODE = wholemodule;
				SWIFT_OPTIMIZATION_LEVEL = "-O";
				VALIDATE_PRODUCT = YES;
			};
			name = Release;
		};
		44DBFD6C231D8821007EC82E /* Debug */ = {
			isa = XCBuildConfiguration;
			baseConfigurationReference = DD4A7D622BBCAFCF5110EA86 /* Pods-Startup Project.debug.xcconfig */;
			buildSettings = {
				ASSETCATALOG_COMPILER_APPICON_NAME = AppIcon;
				CODE_SIGN_STYLE = Automatic;
				DEVELOPMENT_TEAM = AE68R986VS;
				INFOPLIST_FILE = "Startup Project/Info.plist";
				LD_RUNPATH_SEARCH_PATHS = (
					"$(inherited)",
					"@executable_path/Frameworks",
				);
				PRODUCT_BUNDLE_IDENTIFIER = "com.SwapnanilDhol.Startup-Project";
				PRODUCT_NAME = "$(TARGET_NAME)";
				SWIFT_VERSION = 5.0;
				TARGETED_DEVICE_FAMILY = "1,2";
			};
			name = Debug;
		};
		44DBFD6D231D8821007EC82E /* Release */ = {
			isa = XCBuildConfiguration;
			baseConfigurationReference = 63AE8E60A6CFEF805C04C5DA /* Pods-Startup Project.release.xcconfig */;
			buildSettings = {
				ASSETCATALOG_COMPILER_APPICON_NAME = AppIcon;
				CODE_SIGN_STYLE = Automatic;
				DEVELOPMENT_TEAM = AE68R986VS;
				INFOPLIST_FILE = "Startup Project/Info.plist";
				LD_RUNPATH_SEARCH_PATHS = (
					"$(inherited)",
					"@executable_path/Frameworks",
				);
				PRODUCT_BUNDLE_IDENTIFIER = "com.SwapnanilDhol.Startup-Project";
				PRODUCT_NAME = "$(TARGET_NAME)";
				SWIFT_VERSION = 5.0;
				TARGETED_DEVICE_FAMILY = "1,2";
			};
			name = Release;
		};
/* End XCBuildConfiguration section */

/* Begin XCConfigurationList section */
		44DBFD54231D881D007EC82E /* Build configuration list for PBXProject "Startup Project" */ = {
			isa = XCConfigurationList;
			buildConfigurations = (
				44DBFD69231D8821007EC82E /* Debug */,
				44DBFD6A231D8821007EC82E /* Release */,
			);
			defaultConfigurationIsVisible = 0;
			defaultConfigurationName = Release;
		};
		44DBFD6B231D8821007EC82E /* Build configuration list for PBXNativeTarget "Startup Project" */ = {
			isa = XCConfigurationList;
			buildConfigurations = (
				44DBFD6C231D8821007EC82E /* Debug */,
				44DBFD6D231D8821007EC82E /* Release */,
			);
			defaultConfigurationIsVisible = 0;
			defaultConfigurationName = Release;
		};
/* End XCConfigurationList section */
	};
	rootObject = 44DBFD51231D881D007EC82E /* Project object */;
}
